
Microsoft Visual Studio Solution File, Format Version 12.00
# Visual Studio Version 17
VisualStudioVersion = 17.0.31903.59
MinimumVisualStudioVersion = 10.0.40219.1
Project("{FAE04EC0-301F-11D3-BF4B-00C04F79EFBC}") = "API", "API\API.csproj", "{276973D0-8A6A-418C-BBCD-2835ACF35482}"
EndProject
Project("{FAE04EC0-301F-11D3-BF4B-00C04F79EFBC}") = "APITests", "APITests\APITests.csproj", "{419483E4-C79C-4169-B931-09B0EE203478}"
EndProject
Global
	GlobalSection(SolutionConfigurationPlatforms) = preSolution
		Debug|Any CPU = Debug|Any CPU
		Release|Any CPU = Release|Any CPU
	EndGlobalSection
	GlobalSection(ProjectConfigurationPlatforms) = postSolution
		{276973D0-8A6A-418C-BBCD-2835ACF35482}.Debug|Any CPU.ActiveCfg = Debug|Any CPU
		{276973D0-8A6A-418C-BBCD-2835ACF35482}.Debug|Any CPU.Build.0 = Debug|Any CPU
		{276973D0-8A6A-418C-BBCD-2835ACF35482}.Release|Any CPU.ActiveCfg = Release|Any CPU
		{276973D0-8A6A-418C-BBCD-2835ACF35482}.Release|Any CPU.Build.0 = Release|Any CPU
		{419483E4-C79C-4169-B931-09B0EE203478}.Debug|Any CPU.ActiveCfg = Debug|Any CPU
		{419483E4-C79C-4169-B931-09B0EE203478}.Debug|Any CPU.Build.0 = Debug|Any CPU
		{419483E4-C79C-4169-B931-09B0EE203478}.Release|Any CPU.ActiveCfg = Release|Any CPU
		{419483E4-C79C-4169-B931-09B0EE203478}.Release|Any CPU.Build.0 = Release|Any CPU
	EndGlobalSection
	GlobalSection(SolutionProperties) = preSolution
		HideSolutionNode = FALSE
	EndGlobalSection
EndGlobal
